
Microsoft Visual Studio Solution File, Format Version 12.00
# Visual Studio Version 17
VisualStudioVersion = 17.12.35527.113 d17.12
MinimumVisualStudioVersion = 10.0.40219.1
Project("{FAE04EC0-301F-11D3-BF4B-00C04F79EFBC}") = "HelloCSharp", "HelloCSharp\HelloCSharp.csproj", "{7091B0DB-2E0B-459E-982D-3C599B8B8CE6}"
EndProject
Project("{FAE04EC0-301F-11D3-BF4B-00C04F79EFBC}") = "Assignment1_q3", "Assignment1\Assignment1_q3.csproj", "{56E29336-3935-4A37-B18C-CC039CCC0EC3}"
EndProject
Project("{FAE04EC0-301F-11D3-BF4B-00C04F79EFBC}") = "Assignment1_q2", "Assignment1_2\Assignment1_q2.csproj", "{53B79EB6-E19D-426D-A6F3-650BED99A524}"
EndProject
Global
	GlobalSection(SolutionConfigurationPlatforms) = preSolution
		Debug|Any CPU = Debug|Any CPU
		Release|Any CPU = Release|Any CPU
	EndGlobalSection
	GlobalSection(ProjectConfigurationPlatforms) = postSolution
		{7091B0DB-2E0B-459E-982D-3C599B8B8CE6}.Debug|Any CPU.ActiveCfg = Debug|Any CPU
		{7091B0DB-2E0B-459E-982D-3C599B8B8CE6}.Debug|Any CPU.Build.0 = Debug|Any CPU
		{7091B0DB-2E0B-459E-982D-3C599B8B8CE6}.Release|Any CPU.ActiveCfg = Release|Any CPU
		{7091B0DB-2E0B-459E-982D-3C599B8B8CE6}.Release|Any CPU.Build.0 = Release|Any CPU
		{56E29336-3935-4A37-B18C-CC039CCC0EC3}.Debug|Any CPU.ActiveCfg = Debug|Any CPU
		{56E29336-3935-4A37-B18C-CC039CCC0EC3}.Debug|Any CPU.Build.0 = Debug|Any CPU
		{56E29336-3935-4A37-B18C-CC039CCC0EC3}.Release|Any CPU.ActiveCfg = Release|Any CPU
		{56E29336-3935-4A37-B18C-CC039CCC0EC3}.Release|Any CPU.Build.0 = Release|Any CPU
		{53B79EB6-E19D-426D-A6F3-650BED99A524}.Debug|Any CPU.ActiveCfg = Debug|Any CPU
		{53B79EB6-E19D-426D-A6F3-650BED99A524}.Debug|Any CPU.Build.0 = Debug|Any CPU
		{53B79EB6-E19D-426D-A6F3-650BED99A524}.Release|Any CPU.ActiveCfg = Release|Any CPU
		{53B79EB6-E19D-426D-A6F3-650BED99A524}.Release|Any CPU.Build.0 = Release|Any CPU
	EndGlobalSection
	GlobalSection(SolutionProperties) = preSolution
		HideSolutionNode = FALSE
	EndGlobalSection
EndGlobal
